PODS:
  - SnapKit (4.0.0)
  - VGPlayer (0.2.0):
    - SnapKit (~> 4.0.0)

DEPENDENCIES:
  - VGPlayer (~> 0.2.0)

SPEC REPOS:
  https://github.com/CocoaPods/Specs.git:
    - SnapKit
    - VGPlayer

SPEC CHECKSUMS:
  SnapKit: a42d492c16e80209130a3379f73596c3454b7694
  VGPlayer: a1787135559aa3b9201ebdc733ee283315492289

PODFILE CHECKSUM: 90e7f46ceb4ee597da9d0141541289df941340a0

COCOAPODS: 1.5.0
